# This file is autogenerated, do not edit; changes may be undone by the next 'dep ensure'.


[[projects]]
  name = "github.com/Financial-Times/api-endpoint"
  packages = ["."]
  revision = "d9f326a291cc08362746471b16b3533472b1d4da"
  version = "0.0.2"

[[projects]]
  name = "github.com/Financial-Times/http-handlers-go"
  packages = ["httphandlers"]
  revision = "229ac16f1d9ec9bca485d2dafb9ec14dc7e9ba24"
  version = "0.1.1"

[[projects]]
  name = "github.com/Financial-Times/neo-utils-go"
  packages = ["neoutils"]
  revision = "5cb1750096545b3c8f7384326247e3e30996a905"
  version = "1.0.2"

[[projects]]
  name = "github.com/Financial-Times/service-status-go"
  packages = [
    "buildinfo",
    "gtg",
    "httphandlers"
  ]
  revision = "3f5199736a3d7ae52394c63aac36834786825e21"
  version = "0.1.0"

[[projects]]
  name = "github.com/Financial-Times/transactionid-utils-go"
  packages = ["."]
  revision = "df2f00c734957c9dd651ce23ab0e0902504c7636"
  version = "v0.2.0"

[[projects]]
  name = "github.com/Financial-Times/up-rw-app-api-go"
  packages = ["rwapi"]
  revision = "d9d93a1f689538313d12fee6f5f10715cfe280e0"
  version = "1.0.0"

[[projects]]
  branch = "master"
  name = "github.com/cyberdelia/go-metrics-graphite"
  packages = ["."]
  revision = "39f87cc3b432bbb898d7c643c0e93cac2bc865ad"

[[projects]]
  name = "github.com/davecgh/go-spew"
  packages = ["spew"]
  revision = "a476722483882dd40b8111f0eb64e1d7f43f56e4"

[[projects]]
  name = "github.com/gorilla/context"
  packages = ["."]
  revision = "08b5f424b9271eedf6f9f0ce86cb9396ed337a42"
  version = "v1.1.1"

[[projects]]
  name = "github.com/gorilla/mux"
  packages = ["."]
  revision = "a659b61323b075cb38ad03aa43749e52eb4948e0"

[[projects]]
  name = "github.com/hashicorp/go-version"
  packages = ["."]
  revision = "fc61389e27c71d120f87031ca8c88a3428f372dd"

[[projects]]
  branch = "master"
  name = "github.com/jmcvetta/neoism"
  packages = ["."]
  revision = "4674154f870d19b356581843f481dccd6792dcc0"

[[projects]]
  branch = "master"
  name = "github.com/jmcvetta/randutil"
  packages = ["."]
  revision = "2bb1b664bcff821e02b2a0644cd29c7e824d54f8"

[[projects]]
  name = "github.com/kr/pretty"
  packages = ["."]
  revision = "cfb55aafdaf3ec08f0db22699ab822c50091b1c4"

[[projects]]
  name = "github.com/kr/text"
  packages = ["."]
  revision = "7cafcd837844e784b526369c9bce262804aebc60"

[[projects]]
  name = "github.com/pmezard/go-difflib"
  packages = ["difflib"]
  revision = "792786c7400a136282c1664665ae0a8db921c6c2"
  version = "v1.0.0"

[[projects]]
  name = "github.com/rcrowley/go-metrics"
  packages = ["."]
  revision = "1f30fe9094a513ce4c700b9a54458bbb0c96996c"

[[projects]]
  name = "github.com/sirupsen/logrus"
  packages = ["."]
  revision = "a3f95b5c423586578a4e099b11a46c2479628cac"
  version = "1.0.2"

[[projects]]
  name = "github.com/stretchr/testify"
  packages = ["assert"]
  revision = "890a5c3458b43e6104ff5da8dfa139d013d77544"

[[projects]]
  name = "go4.org"
  packages = ["osutil"]
  revision = "034d17a462f7b2dcd1a4a73553ec5357ff6e6c6e"

[[projects]]
  name = "golang.org/x/net"
  packages = ["context"]
  revision = "66aacef3dd8a676686c7ae3716979581e8b03c47"

[[projects]]
  name = "golang.org/x/sys"
  packages = ["unix"]
  revision = "ab9e364efd8b52800ff7ee48a9ffba4e0ed78dfb"

[[projects]]
  name = "gopkg.in/jmcvetta/napping.v3"
  packages = ["."]
  revision = "4c7b4b235c63152afa9a1c6384e708e0fbfd77ca"
  version = "v3.2.0"

[[projects]]
  name = "gopkg.in/yaml.v2"
  packages = ["."]
  revision = "eb3733d160e74a9c7e442f435eb3bea458e1d19f"

[solve-meta]
  analyzer-name = "dep"
  analyzer-version = 1
  inputs-digest = "f37a17b4fa77cb04e237d8275d2d68a1f339b64747b69d3d2505c94520e86a43"
  solver-name = "gps-cdcl"
  solver-version = 1
